
Microsoft Visual Studio Solution File, Format Version 12.00
# Visual Studio 15
VisualStudioVersion = 15.0.26430.16
MinimumVisualStudioVersion = 10.0.40219.1
Project("{FAE04EC0-301F-11D3-BF4B-00C04F79EFBC}") = "UserManagementMVC", "UserManagementMVC\UserManagementMVC.csproj", "{B39CC5F2-E466-4E9E-BCE7-3F3D6153DCFC}"
EndProject
Global
	GlobalSection(SolutionConfigurationPlatforms) = preSolution
		Debug|Any CPU = Debug|Any CPU
		Release|Any CPU = Release|Any CPU
	EndGlobalSection
	GlobalSection(ProjectConfigurationPlatforms) = postSolution
		{B39CC5F2-E466-4E9E-BCE7-3F3D6153DCFC}.Debug|Any CPU.ActiveCfg = Debug|Any CPU
		{B39CC5F2-E466-4E9E-BCE7-3F3D6153DCFC}.Debug|Any CPU.Build.0 = Debug|Any CPU
		{B39CC5F2-E466-4E9E-BCE7-3F3D6153DCFC}.Release|Any CPU.ActiveCfg = Release|Any CPU
		{B39CC5F2-E466-4E9E-BCE7-3F3D6153DCFC}.Release|Any CPU.Build.0 = Release|Any CPU
	EndGlobalSection
	GlobalSection(SolutionProperties) = preSolution
		HideSolutionNode = FALSE
	EndGlobalSection
EndGlobal
